// !$*UTF8*$!
{
	archiveVersion = 1;
	classes = {
	};
	objectVersion = 46;
	objects = {

/* Begin PBXBuildFile section */
		B1AB63EB0EFBBE2D44CC1BEE /* Pods_WeatherApp.framework in Frameworks */ = {isa = PBXBuildFile; fileRef = F436335282BF57EA265C9A03 /* Pods_WeatherApp.framework */; };
		F15A403D1E01E37800333FD8 /* AppDelegate.swift in Sources */ = {isa = PBXBuildFile; fileRef = F15A403C1E01E37800333FD8 /* AppDelegate.swift */; };
		F15A403F1E01E37800333FD8 /* ViewController.swift in Sources */ = {isa = PBXBuildFile; fileRef = F15A403E1E01E37800333FD8 /* ViewController.swift */; };
		F15A40421E01E37800333FD8 /* Main.storyboard in Resources */ = {isa = PBXBuildFile; fileRef = F15A40401E01E37800333FD8 /* Main.storyboard */; };
		F15A40451E01E37800333FD8 /* WeatherApp.xcdatamodeld in Sources */ = {isa = PBXBuildFile; fileRef = F15A40431E01E37800333FD8 /* WeatherApp.xcdatamodeld */; };
		F15A40471E01E37800333FD8 /* Assets.xcassets in Resources */ = {isa = PBXBuildFile; fileRef = F15A40461E01E37800333FD8 /* Assets.xcassets */; };
		F15A404A1E01E37800333FD8 /* LaunchScreen.storyboard in Resources */ = {isa = PBXBuildFile; fileRef = F15A40481E01E37800333FD8 /* LaunchScreen.storyboard */; };
		F15A40521E01F18800333FD8 /* Utilities.swift in Sources */ = {isa = PBXBuildFile; fileRef = F15A40511E01F18800333FD8 /* Utilities.swift */; };
		F15A40541E03332D00333FD8 /* Constants.swift in Sources */ = {isa = PBXBuildFile; fileRef = F15A40531E03332D00333FD8 /* Constants.swift */; };
/* End PBXBuildFile section */

/* Begin PBXFileReference section */
		694F898317465265EFE746C8 /* Pods-WeatherApp.release.xcconfig */ = {isa = PBXFileReference; includeInIndex = 1; lastKnownFileType = text.xcconfig; name = "Pods-WeatherApp.release.xcconfig"; path = "Pods/Target Support Files/Pods-WeatherApp/Pods-WeatherApp.release.xcconfig"; sourceTree = "<group>"; };
		B61CFFEB445E358CC914A3E2 /* Pods-WeatherApp.debug.xcconfig */ = {isa = PBXFileReference; includeInIndex = 1; lastKnownFileType = text.xcconfig; name = "Pods-WeatherApp.debug.xcconfig"; path = "Pods/Target Support Files/Pods-WeatherApp/Pods-WeatherApp.debug.xcconfig"; sourceTree = "<group>"; };
		F15A40391E01E37800333FD8 /* WeatherApp.app */ = {isa = PBXFileReference; explicitFileType = wrapper.application; includeInIndex = 0; path = WeatherApp.app; sourceTree = BUILT_PRODUCTS_DIR; };
		F15A403C1E01E37800333FD8 /* AppDelegate.swift */ = {isa = PBXFileReference; lastKnownFileType = sourcecode.swift; path = AppDelegate.swift; sourceTree = "<group>"; };
		F15A403E1E01E37800333FD8 /* ViewController.swift */ = {isa = PBXFileReference; lastKnownFileType = sourcecode.swift; path = ViewController.swift; sourceTree = "<group>"; };
		F15A40411E01E37800333FD8 /* Base */ = {isa = PBXFileReference; lastKnownFileType = file.storyboard; name = Base; path = Base.lproj/Main.storyboard; sourceTree = "<group>"; };
		F15A40441E01E37800333FD8 /* WeatherApp.xcdatamodel */ = {isa = PBXFileReference; lastKnownFileType = wrapper.xcdatamodel; path = WeatherApp.xcdatamodel; sourceTree = "<group>"; };
		F15A40461E01E37800333FD8 /* Assets.xcassets */ = {isa = PBXFileReference; lastKnownFileType = folder.assetcatalog; path = Assets.xcassets; sourceTree = "<group>"; };
		F15A40491E01E37800333FD8 /* Base */ = {isa = PBXFileReference; lastKnownFileType = file.storyboard; name = Base; path = Base.lproj/LaunchScreen.storyboard; sourceTree = "<group>"; };
		F15A404B1E01E37800333FD8 /* Info.plist */ = {isa = PBXFileReference; lastKnownFileType = text.plist.xml; path = Info.plist; sourceTree = "<group>"; };
		F15A40511E01F18800333FD8 /* Utilities.swift */ = {isa = PBXFileReference; fileEncoding = 4; lastKnownFileType = sourcecode.swift; path = Utilities.swift; sourceTree = "<group>"; };
		F15A40531E03332D00333FD8 /* Constants.swift */ = {isa = PBXFileReference; fileEncoding = 4; lastKnownFileType = sourcecode.swift; path = Constants.swift; sourceTree = "<group>"; };
		F436335282BF57EA265C9A03 /* Pods_WeatherApp.framework */ = {isa = PBXFileReference; explicitFileType = wrapper.framework; includeInIndex = 0; path = Pods_WeatherApp.framework; sourceTree = BUILT_PRODUCTS_DIR; };
/* End PBXFileReference section */

/* Begin PBXFrameworksBuildPhase section */
		F15A40361E01E37800333FD8 /* Frameworks */ = {
			isa = PBXFrameworksBuildPhase;
			buildActionMask = 2147483647;
			files = (
				B1AB63EB0EFBBE2D44CC1BEE /* Pods_WeatherApp.framework in Frameworks */,
			);
			runOnlyForDeploymentPostprocessing = 0;
		};
/* End PBXFrameworksBuildPhase section */

/* Begin PBXGroup section */
		352485DA930FF6E739EA88E2 /* Pods */ = {
			isa = PBXGroup;
			children = (
				B61CFFEB445E358CC914A3E2 /* Pods-WeatherApp.debug.xcconfig */,
				694F898317465265EFE746C8 /* Pods-WeatherApp.release.xcconfig */,
			);
			name = Pods;
			sourceTree = "<group>";
		};
		E35F5430372DEDD2EB7CEEB9 /* Frameworks */ = {
			isa = PBXGroup;
			children = (
				F436335282BF57EA265C9A03 /* Pods_WeatherApp.framework */,
			);
			name = Frameworks;
			sourceTree = "<group>";
		};
		F15A40301E01E37800333FD8 = {
			isa = PBXGroup;
			children = (
				F15A403B1E01E37800333FD8 /* WeatherApp */,
				F15A403A1E01E37800333FD8 /* Products */,
				352485DA930FF6E739EA88E2 /* Pods */,
				E35F5430372DEDD2EB7CEEB9 /* Frameworks */,
			);
			sourceTree = "<group>";
		};
		F15A403A1E01E37800333FD8 /* Products */ = {
			isa = PBXGroup;
			children = (
				F15A40391E01E37800333FD8 /* WeatherApp.app */,
			);
			name = Products;
			sourceTree = "<group>";
		};
		F15A403B1E01E37800333FD8 /* WeatherApp */ = {
			isa = PBXGroup;
			children = (
				F15A403C1E01E37800333FD8 /* AppDelegate.swift */,
				F15A403E1E01E37800333FD8 /* ViewController.swift */,
				F15A40511E01F18800333FD8 /* Utilities.swift */,
				F15A40531E03332D00333FD8 /* Constants.swift */,
				F15A40401E01E37800333FD8 /* Main.storyboard */,
				F15A40461E01E37800333FD8 /* Assets.xcassets */,
				F15A40481E01E37800333FD8 /* LaunchScreen.storyboard */,
				F15A404B1E01E37800333FD8 /* Info.plist */,
				F15A40431E01E37800333FD8 /* WeatherApp.xcdatamodeld */,
			);
			path = WeatherApp;
			sourceTree = "<group>";
		};
/* End PBXGroup section */

/* Begin PBXNativeTarget section */
		F15A40381E01E37800333FD8 /* WeatherApp */ = {
			isa = PBXNativeTarget;
			buildConfigurationList = F15A404E1E01E37800333FD8 /* Build configuration list for PBXNativeTarget "WeatherApp" */;
			buildPhases = (
				BDE4304059331C257526ACF0 /* [CP] Check Pods Manifest.lock */,
				F15A40351E01E37800333FD8 /* Sources */,
				F15A40361E01E37800333FD8 /* Frameworks */,
				F15A40371E01E37800333FD8 /* Resources */,
				B3465FFDA4505CA8C682EEF0 /* [CP] Embed Pods Frameworks */,
				14D0C86F519411E5CBF0EE88 /* [CP] Copy Pods Resources */,
			);
			buildRules = (
			);
			dependencies = (
			);
			name = WeatherApp;
			productName = WeatherApp;
			productReference = F15A40391E01E37800333FD8 /* WeatherApp.app */;
			productType = "com.apple.product-type.application";
		};
/* End PBXNativeTarget section */

/* Begin PBXProject section */
		F15A40311E01E37800333FD8 /* Project object */ = {
			isa = PBXProject;
			attributes = {
				LastSwiftUpdateCheck = 0820;
				LastUpgradeCheck = 0820;
				ORGANIZATIONNAME = "Andrei Palonski";
				TargetAttributes = {
					F15A40381E01E37800333FD8 = {
						CreatedOnToolsVersion = 8.2;
						DevelopmentTeam = QMNXFRSMX5;
						ProvisioningStyle = Automatic;
					};
				};
			};
			buildConfigurationList = F15A40341E01E37800333FD8 /* Build configuration list for PBXProject "WeatherApp" */;
			compatibilityVersion = "Xcode 3.2";
			developmentRegion = English;
			hasScannedForEncodings = 0;
			knownRegions = (
				en,
				Base,
			);
			mainGroup = F15A40301E01E37800333FD8;
			productRefGroup = F15A403A1E01E37800333FD8 /* Products */;
			projectDirPath = "";
			projectRoot = "";
			targets = (
				F15A40381E01E37800333FD8 /* WeatherApp */,
			);
		};
/* End PBXProject section */

/* Begin PBXResourcesBuildPhase section */
		F15A40371E01E37800333FD8 /* Resources */ = {
			isa = PBXResourcesBuildPhase;
			buildActionMask = 2147483647;
			files = (
				F15A404A1E01E37800333FD8 /* LaunchScreen.storyboard in Resources */,
				F15A40471E01E37800333FD8 /* Assets.xcassets in Resources */,
				F15A40421E01E37800333FD8 /* Main.storyboard in Resources */,
			);
			runOnlyForDeploymentPostprocessing = 0;
		};
/* End PBXResourcesBuildPhase section */

/* Begin PBXShellScriptBuildPhase section */
		14D0C86F519411E5CBF0EE88 /* [CP] Copy Pods Resources */ = {
			isa = PBXShellScriptBuildPhase;
			buildActionMask = 2147483647;
			files = (
			);
			inputPaths = (
			);
			name = "[CP] Copy Pods Resources";
			outputPaths = (
			);
			runOnlyForDeploymentPostprocessing = 0;
			shellPath = /bin/sh;
			shellScript = "\"${SRCROOT}/Pods/Target Support Files/Pods-WeatherApp/Pods-WeatherApp-resources.sh\"\n";
			showEnvVarsInLog = 0;
		};
		B3465FFDA4505CA8C682EEF0 /* [CP] Embed Pods Frameworks */ = {
			isa = PBXShellScriptBuildPhase;
			buildActionMask = 2147483647;
			files = (
			);
			inputPaths = (
			);
			name = "[CP] Embed Pods Frameworks";
			outputPaths = (
			);
			runOnlyForDeploymentPostprocessing = 0;
			shellPath = /bin/sh;
			shellScript = "\"${SRCROOT}/Pods/Target Support Files/Pods-WeatherApp/Pods-WeatherApp-frameworks.sh\"\n";
			showEnvVarsInLog = 0;
		};
		BDE4304059331C257526ACF0 /* [CP] Check Pods Manifest.lock */ = {
			isa = PBXShellScriptBuildPhase;
			buildActionMask = 2147483647;
			files = (
			);
			inputPaths = (
			);
			name = "[CP] Check Pods Manifest.lock";
			outputPaths = (
			);
			runOnlyForDeploymentPostprocessing = 0;
			shellPath = /bin/sh;
			shellScript = "diff \"${PODS_ROOT}/../Podfile.lock\" \"${PODS_ROOT}/Manifest.lock\" > /dev/null\nif [ $? != 0 ] ; then\n    # print error to STDERR\n    echo \"error: The sandbox is not in sync with the Podfile.lock. Run 'pod install' or update your CocoaPods installation.\" >&2\n    exit 1\nfi\n";
			showEnvVarsInLog = 0;
		};
/* End PBXShellScriptBuildPhase section */

/* Begin PBXSourcesBuildPhase section */
		F15A40351E01E37800333FD8 /* Sources */ = {
			isa = PBXSourcesBuildPhase;
			buildActionMask = 2147483647;
			files = (
				F15A40541E03332D00333FD8 /* Constants.swift in Sources */,
				F15A40451E01E37800333FD8 /* WeatherApp.xcdatamodeld in Sources */,
				F15A403F1E01E37800333FD8 /* ViewController.swift in Sources */,
				F15A40521E01F18800333FD8 /* Utilities.swift in Sources */,
				F15A403D1E01E37800333FD8 /* AppDelegate.swift in Sources */,
			);
			runOnlyForDeploymentPostprocessing = 0;
		};
/* End PBXSourcesBuildPhase section */

/* Begin PBXVariantGroup section */
		F15A40401E01E37800333FD8 /* Main.storyboard */ = {
			isa = PBXVariantGroup;
			children = (
				F15A40411E01E37800333FD8 /* Base */,
			);
			name = Main.storyboard;
			sourceTree = "<group>";
		};
		F15A40481E01E37800333FD8 /* LaunchScreen.storyboard */ = {
			isa = PBXVariantGroup;
			children = (
				F15A40491E01E37800333FD8 /* Base */,
			);
			name = LaunchScreen.storyboard;
			sourceTree = "<group>";
		};
/* End PBXVariantGroup section */

/* Begin XCBuildConfiguration section */
		F15A404C1E01E37800333FD8 /* Debug */ = {
			isa = XCBuildConfiguration;
			buildSettings = {
				ALWAYS_SEARCH_USER_PATHS = NO;
				CLANG_ANALYZER_NONNULL = YES;
				CLANG_CXX_LANGUAGE_STANDARD = "gnu++0x";
				CLANG_CXX_LIBRARY = "libc++";
				CLANG_ENABLE_MODULES = YES;
				CLANG_ENABLE_OBJC_ARC = YES;
				CLANG_WARN_BOOL_CONVERSION = YES;
				CLANG_WARN_CONSTANT_CONVERSION = YES;
				CLANG_WARN_DIRECT_OBJC_ISA_USAGE = YES_ERROR;
				CLANG_WARN_DOCUMENTATION_COMMENTS = YES;
				CLANG_WARN_EMPTY_BODY = YES;
				CLANG_WARN_ENUM_CONVERSION = YES;
				CLANG_WARN_INFINITE_RECURSION = YES;
				CLANG_WARN_INT_CONVERSION = YES;
				CLANG_WARN_OBJC_ROOT_CLASS = YES_ERROR;
				CLANG_WARN_SUSPICIOUS_MOVE = YES;
				CLANG_WARN_UNREACHABLE_CODE = YES;
				CLANG_WARN__DUPLICATE_METHOD_MATCH = YES;
				"CODE_SIGN_IDENTITY[sdk=iphoneos*]" = "iPhone Developer";
				COPY_PHASE_STRIP = NO;
				DEBUG_INFORMATION_FORMAT = dwarf;
				ENABLE_STRICT_OBJC_MSGSEND = YES;
				ENABLE_TESTABILITY = YES;
				GCC_C_LANGUAGE_STANDARD = gnu99;
				GCC_DYNAMIC_NO_PIC = NO;
				GCC_NO_COMMON_BLOCKS = YES;
				GCC_OPTIMIZATION_LEVEL = 0;
				GCC_PREPROCESSOR_DEFINITIONS = (
					"DEBUG=1",
					"$(inherited)",
				);
				GCC_WARN_64_TO_32_BIT_CONVERSION = YES;
				GCC_WARN_ABOUT_RETURN_TYPE = YES_ERROR;
				GCC_WARN_UNDECLARED_SELECTOR = YES;
				GCC_WARN_UNINITIALIZED_AUTOS = YES_AGGRESSIVE;
				GCC_WARN_UNUSED_FUNCTION = YES;
				GCC_WARN_UNUSED_VARIABLE = YES;
				IPHONEOS_DEPLOYMENT_TARGET = 10.2;
				MTL_ENABLE_DEBUG_INFO = YES;
				ONLY_ACTIVE_ARCH = YES;
				SDKROOT = iphoneos;
				SWIFT_ACTIVE_COMPILATION_CONDITIONS = DEBUG;
				SWIFT_OPTIMIZATION_LEVEL = "-Onone";
				TARGETED_DEVICE_FAMILY = "1,2";
			};
			name = Debug;
		};
		F15A404D1E01E37800333FD8 /* Release */ = {
			isa = XCBuildConfiguration;
			buildSettings = {
				ALWAYS_SEARCH_USER_PATHS = NO;
				CLANG_ANALYZER_NONNULL = YES;
				CLANG_CXX_LANGUAGE_STANDARD = "gnu++0x";
				CLANG_CXX_LIBRARY = "libc++";
				CLANG_ENABLE_MODULES = YES;
				CLANG_ENABLE_OBJC_ARC = YES;
				CLANG_WARN_BOOL_CONVERSION = YES;
				CLANG_WARN_CONSTANT_CONVERSION = YES;
				CLANG_WARN_DIRECT_OBJC_ISA_USAGE = YES_ERROR;
				CLANG_WARN_DOCUMENTATION_COMMENTS = YES;
				CLANG_WARN_EMPTY_BODY = YES;
				CLANG_WARN_ENUM_CONVERSION = YES;
				CLANG_WARN_INFINITE_RECURSION = YES;
				CLANG_WARN_INT_CONVERSION = YES;
				CLANG_WARN_OBJC_ROOT_CLASS = YES_ERROR;
				CLANG_WARN_SUSPICIOUS_MOVE = YES;
				CLANG_WARN_UNREACHABLE_CODE = YES;
				CLANG_WARN__DUPLICATE_METHOD_MATCH = YES;
				"CODE_SIGN_IDENTITY[sdk=iphoneos*]" = "iPhone Developer";
				COPY_PHASE_STRIP = NO;
				DEBUG_INFORMATION_FORMAT = "dwarf-with-dsym";
				ENABLE_NS_ASSERTIONS = NO;
				ENABLE_STRICT_OBJC_MSGSEND = YES;
				GCC_C_LANGUAGE_STANDARD = gnu99;
				GCC_NO_COMMON_BLOCKS = YES;
				GCC_WARN_64_TO_32_BIT_CONVERSION = YES;
				GCC_WARN_ABOUT_RETURN_TYPE = YES_ERROR;
				GCC_WARN_UNDECLARED_SELECTOR = YES;
				GCC_WARN_UNINITIALIZED_AUTOS = YES_AGGRESSIVE;
				GCC_WARN_UNUSED_FUNCTION = YES;
				GCC_WARN_UNUSED_VARIABLE = YES;
				IPHONEOS_DEPLOYMENT_TARGET = 10.2;
				MTL_ENABLE_DEBUG_INFO = NO;
				SDKROOT = iphoneos;
				SWIFT_OPTIMIZATION_LEVEL = "-Owholemodule";
				TARGETED_DEVICE_FAMILY = "1,2";
				VALIDATE_PRODUCT = YES;
			};
			name = Release;
		};
		F15A404F1E01E37800333FD8 /* Debug */ = {
			isa = XCBuildConfiguration;
			baseConfigurationReference = B61CFFEB445E358CC914A3E2 /* Pods-WeatherApp.debug.xcconfig */;
			buildSettings = {
				ASSETCATALOG_COMPILER_APPICON_NAME = AppIcon;
				DEVELOPMENT_TEAM = QMNXFRSMX5;
				INFOPLIST_FILE = WeatherApp/Info.plist;
				LD_RUNPATH_SEARCH_PATHS = "$(inherited) @executable_path/Frameworks";
				PRODUCT_BUNDLE_IDENTIFIER = com.skrjApp.WeatherApp;
				PRODUCT_NAME = "$(TARGET_NAME)";
				SWIFT_VERSION = 3.0;
			};
			name = Debug;
		};
		F15A40501E01E37800333FD8 /* Release */ = {
			isa = XCBuildConfiguration;
			baseConfigurationReference = 694F898317465265EFE746C8 /* Pods-WeatherApp.release.xcconfig */;
			buildSettings = {
				ASSETCATALOG_COMPILER_APPICON_NAME = AppIcon;
				DEVELOPMENT_TEAM = QMNXFRSMX5;
				INFOPLIST_FILE = WeatherApp/Info.plist;
				LD_RUNPATH_SEARCH_PATHS = "$(inherited) @executable_path/Frameworks";
				PRODUCT_BUNDLE_IDENTIFIER = com.skrjApp.WeatherApp;
				PRODUCT_NAME = "$(TARGET_NAME)";
				SWIFT_VERSION = 3.0;
			};
			name = Release;
		};
/* End XCBuildConfiguration section */

/* Begin XCConfigurationList section */
		F15A40341E01E37800333FD8 /* Build configuration list for PBXProject "WeatherApp" */ = {
			isa = XCConfigurationList;
			buildConfigurations = (
				F15A404C1E01E37800333FD8 /* Debug */,
				F15A404D1E01E37800333FD8 /* Release */,
			);
			defaultConfigurationIsVisible = 0;
			defaultConfigurationName = Release;
		};
		F15A404E1E01E37800333FD8 /* Build configuration list for PBXNativeTarget "WeatherApp" */ = {
			isa = XCConfigurationList;
			buildConfigurations = (
				F15A404F1E01E37800333FD8 /* Debug */,
				F15A40501E01E37800333FD8 /* Release */,
			);
			defaultConfigurationIsVisible = 0;
			defaultConfigurationName = Release;
		};
/* End XCConfigurationList section */

/* Begin XCVersionGroup section */
		F15A40431E01E37800333FD8 /* WeatherApp.xcdatamodeld */ = {
			isa = XCVersionGroup;
			children = (
				F15A40441E01E37800333FD8 /* WeatherApp.xcdatamodel */,
			);
			currentVersion = F15A40441E01E37800333FD8 /* WeatherApp.xcdatamodel */;
			path = WeatherApp.xcdatamodeld;
			sourceTree = "<group>";
			versionGroupType = wrapper.xcdatamodel;
		};
/* End XCVersionGroup section */
	};
	rootObject = F15A40311E01E37800333FD8 /* Project object */;
}
